
Microsoft Visual Studio Solution File, Format Version 12.00
# Visual Studio Version 17
VisualStudioVersion = 17.5.33530.505
MinimumVisualStudioVersion = 10.0.40219.1
Project("{FAE04EC0-301F-11D3-BF4B-00C04F79EFBC}") = "Chess", "ClassLibrary1\Chess.csproj", "{5C63AD5A-AC58-45BB-9732-895AC93D5867}"
EndProject
Project("{FAE04EC0-301F-11D3-BF4B-00C04F79EFBC}") = "DemoChess", "DemoChess\DemoChess.csproj", "{B6CD7226-6239-4DD5-B255-87CBEBAF8969}"
EndProject
Global
	GlobalSection(SolutionConfigurationPlatforms) = preSolution
		Debug|Any CPU = Debug|Any CPU
		Release|Any CPU = Release|Any CPU
	EndGlobalSection
	GlobalSection(ProjectConfigurationPlatforms) = postSolution
		{5C63AD5A-AC58-45BB-9732-895AC93D5867}.Debug|Any CPU.ActiveCfg = Debug|Any CPU
		{5C63AD5A-AC58-45BB-9732-895AC93D5867}.Debug|Any CPU.Build.0 = Debug|Any CPU
		{5C63AD5A-AC58-45BB-9732-895AC93D5867}.Release|Any CPU.ActiveCfg = Release|Any CPU
		{5C63AD5A-AC58-45BB-9732-895AC93D5867}.Release|Any CPU.Build.0 = Release|Any CPU
		{B6CD7226-6239-4DD5-B255-87CBEBAF8969}.Debug|Any CPU.ActiveCfg = Debug|Any CPU
		{B6CD7226-6239-4DD5-B255-87CBEBAF8969}.Debug|Any CPU.Build.0 = Debug|Any CPU
		{B6CD7226-6239-4DD5-B255-87CBEBAF8969}.Release|Any CPU.ActiveCfg = Release|Any CPU
		{B6CD7226-6239-4DD5-B255-87CBEBAF8969}.Release|Any CPU.Build.0 = Release|Any CPU
	EndGlobalSection
	GlobalSection(SolutionProperties) = preSolution
		HideSolutionNode = FALSE
	EndGlobalSection
	GlobalSection(ExtensibilityGlobals) = postSolution
		SolutionGuid = {FA9B2BB4-0E10-4E2E-8105-77B61ACF776D}
	EndGlobalSection
EndGlobal
